
Microsoft Visual Studio Solution File, Format Version 12.00
# Visual Studio Version 16
VisualStudioVersion = 16.0.30907.101
MinimumVisualStudioVersion = 10.0.40219.1
Project("{9A19103F-16F7-4668-BE54-9A1E7A4F7556}") = "BlazorServerDbContextExample", "BlazorServerDbContextExample.csproj", "{40D53872-3A4B-4D88-8387-20541EE4B189}"
EndProject
Global
	GlobalSection(SolutionConfigurationPlatforms) = preSolution
		Debug|Any CPU = Debug|Any CPU
		Release|Any CPU = Release|Any CPU
	EndGlobalSection
	GlobalSection(ProjectConfigurationPlatforms) = postSolution
		{40D53872-3A4B-4D88-8387-20541EE4B189}.Debug|Any CPU.ActiveCfg = Debug|Any CPU
		{40D53872-3A4B-4D88-8387-20541EE4B189}.Debug|Any CPU.Build.0 = Debug|Any CPU
		{40D53872-3A4B-4D88-8387-20541EE4B189}.Release|Any CPU.ActiveCfg = Release|Any CPU
		{40D53872-3A4B-4D88-8387-20541EE4B189}.Release|Any CPU.Build.0 = Release|Any CPU
	EndGlobalSection
	GlobalSection(SolutionProperties) = preSolution
		HideSolutionNode = FALSE
	EndGlobalSection
	GlobalSection(ExtensibilityGlobals) = postSolution
		SolutionGuid = {7A478FB7-5AAF-47FF-A6CF-4B9F0E68B47C}
	EndGlobalSection
EndGlobal
